
Microsoft Visual Studio Solution File, Format Version 12.00
# Visual Studio Version 17
VisualStudioVersion = 17.4.33110.190
MinimumVisualStudioVersion = 10.0.40219.1
Project("{FAE04EC0-301F-11D3-BF4B-00C04F79EFBC}") = "isteDental", "isteDental\isteDental.csproj", "{E93BC97A-D24B-42F8-A818-FABC7F73501D}"
EndProject
Global
	GlobalSection(SolutionConfigurationPlatforms) = preSolution
		Debug|Any CPU = Debug|Any CPU
		Release|Any CPU = Release|Any CPU
	EndGlobalSection
	GlobalSection(ProjectConfigurationPlatforms) = postSolution
		{E93BC97A-D24B-42F8-A818-FABC7F73501D}.Debug|Any CPU.ActiveCfg = Debug|Any CPU
		{E93BC97A-D24B-42F8-A818-FABC7F73501D}.Debug|Any CPU.Build.0 = Debug|Any CPU
		{E93BC97A-D24B-42F8-A818-FABC7F73501D}.Release|Any CPU.ActiveCfg = Release|Any CPU
		{E93BC97A-D24B-42F8-A818-FABC7F73501D}.Release|Any CPU.Build.0 = Release|Any CPU
	EndGlobalSection
	GlobalSection(SolutionProperties) = preSolution
		HideSolutionNode = FALSE
	EndGlobalSection
	GlobalSection(ExtensibilityGlobals) = postSolution
		SolutionGuid = {169780B6-7735-43A2-B5BC-3E3D341AEA00}
	EndGlobalSection
EndGlobal
