
Microsoft Visual Studio Solution File, Format Version 12.00
# Visual Studio Version 17
VisualStudioVersion = 17.4.33110.190
MinimumVisualStudioVersion = 10.0.40219.1
Project("{FAE04EC0-301F-11D3-BF4B-00C04F79EFBC}") = "disKlinigi", "disKlinigi\disKlinigi.csproj", "{55F2535F-F48E-4FFC-9E46-486F33D0BCF2}"
EndProject
Global
	GlobalSection(SolutionConfigurationPlatforms) = preSolution
		Debug|Any CPU = Debug|Any CPU
		Release|Any CPU = Release|Any CPU
	EndGlobalSection
	GlobalSection(ProjectConfigurationPlatforms) = postSolution
		{55F2535F-F48E-4FFC-9E46-486F33D0BCF2}.Debug|Any CPU.ActiveCfg = Debug|Any CPU
		{55F2535F-F48E-4FFC-9E46-486F33D0BCF2}.Debug|Any CPU.Build.0 = Debug|Any CPU
		{55F2535F-F48E-4FFC-9E46-486F33D0BCF2}.Release|Any CPU.ActiveCfg = Release|Any CPU
		{55F2535F-F48E-4FFC-9E46-486F33D0BCF2}.Release|Any CPU.Build.0 = Release|Any CPU
	EndGlobalSection
	GlobalSection(SolutionProperties) = preSolution
		HideSolutionNode = FALSE
	EndGlobalSection
	GlobalSection(ExtensibilityGlobals) = postSolution
		SolutionGuid = {53CFF1A2-99C1-4306-8111-5A9F090E8AD0}
	EndGlobalSection
EndGlobal
